{
  "schemaVersion": "ndnsf-di-gpu-lock-v1",
  "platform": "linux/amd64",
  "cuda": "12.4.1",
  "cudnnMajor": 9,
  "minimumLinuxDriver": "550.54.14",
  "baseImagePolicy": "caller-must-supply-digest-reference",
  "baseImages": {
    "foundation": "docker.io/library/ubuntu@sha256:8feb4d8ca5354def3d8fce243717141ce31e2c428701f6682bd2fafe15388214",
    "python": "docker.io/library/python@sha256:b3061b93c8df9809c3783a4f17bbf2520425ec6b40bd3e5e7538870e21ba7209",
    "gpuBuild": "docker.io/nvidia/cuda@sha256:f18cf1a9ac2842e59f13b0d0729594da8cbd68cadd2379308cdd98c0374dbd80",
    "gpuRuntime": "docker.io/nvidia/cuda@sha256:a6a8417cb56c9a5d30c4d8c78ad18bc9b75ffe4453fe1c04b3149b3741518b06"
  },
  "distributionBase": "ubuntu20.04-openssl1.1",
  "pythonRuntime": "3.10.18-bullseye-glibc2.31",
  "pythonRuntimePackages": [
    "libgdbm6", "libreadline8", "libsqlite3-0", "libssl1.1"
  ],
  "pythonExcludedOptionalExtensions": ["nis", "_tkinter"],
  "onnxRuntimeCpp": {
    "version": "1.20.0",
    "url": "https://github.com/microsoft/onnxruntime/releases/download/v1.20.0/onnxruntime-linux-x64-gpu-1.20.0.tgz",
    "sha256": "80461c14d3562b02268bbd7e97f9bceab0778090ce0a0e298bb999c388076d9a",
    "bytes": 258494029
  },
  "onnxRuntimeExcludedOptionalProviders": ["TensorrtExecutionProvider"],
  "systemPackages": [
    "bison", "build-essential", "ca-certificates", "cmake", "curl", "flex", "git", "libboost-all-dev",
    "libfl-dev", "libgmp-dev", "libgtest-dev", "libgtkmm-3.0-dev", "libpcap-dev", "libprotobuf-dev",
    "libsqlite3-dev", "libssl-dev", "ninja-build", "pkg-config", "protobuf-compiler", "python3",
    "python3-dev", "python3-pip", "python3-venv", "zlib1g"
  ],
  "sourceRepositories": {
    "ndn-cxx": {"url": "https://github.com/matianxing1992/ndn-cxx.git", "revision": "8296fc9462c7ef9635b7c45468c067fd39514e31"},
    "NFD": {"url": "https://github.com/matianxing1992/NFD.git", "revision": "2b43d675e3fba37b5362fab0001ba542bb07b43b"},
    "NDNSD": {"url": "https://github.com/matianxing1992/NDNSD.git", "revision": "25f7ad9d2f8848c10025e71358e3dafd62c348c0"},
    "ndn-svs": {"url": "https://github.com/matianxing1992/ndn-svs.git", "revision": "1d432a5b1ffde64544963a86fda9163ccc26610e"},
    "openabe": {"url": "https://github.com/zeutro/openabe.git", "revision": "b8f9d3c8a2620c1185ca972248f7af39c1eae68c"},
    "relic": {"url": "https://github.com/relic-toolkit/relic.git", "revision": "b984e901ba78c83ea4093ea96addd13628c8c2d0"},
    "NAC-ABE": {"url": "https://github.com/matianxing1992/NAC-ABE.git", "revision": "390e9001a8611e04c90f3a5866d09c3136c885d0"},
    "websocketpp": {"url": "https://github.com/cawka/websocketpp.git", "revision": "ac4e021333675fc80b96eb7be45d218581c897e2"}
  },
  "pythonPackages": {
    "accelerate": "1.3.0",
    "certifi": "2025.1.31",
    "cffi": "1.17.1",
    "charset-normalizer": "3.4.1",
    "coloredlogs": "15.0.1",
    "cryptography": "44.0.1",
    "filelock": "3.17.0",
    "flatbuffers": "24.12.23",
    "fsspec": "2024.12.0",
    "huggingface-hub": "0.28.1",
    "humanfriendly": "10.0",
    "idna": "3.10",
    "jinja2": "3.1.5",
    "markupsafe": "3.0.2",
    "mpmath": "1.3.0",
    "networkx": "3.4.2",
    "numpy": "1.26.4",
    "onnx": "1.17.0",
    "onnxruntime-gpu": "1.20.0",
    "optimum": "1.24.0",
    "packaging": "24.2",
    "pillow": "11.1.0",
    "protobuf": "5.29.3",
    "pycparser": "2.22",
    "psutil": "6.1.1",
    "pynvml": "12.0.0",
    "nvidia-cusparselt-cu12": "0.6.2",
    "nvidia-ml-py": "12.570.86",
    "nvidia-nccl-cu12": "2.21.5",
    "pyyaml": "6.0.2",
    "regex": "2024.11.6",
    "requests": "2.32.3",
    "safetensors": "0.5.2",
    "tokenizers": "0.21.0",
    "sympy": "1.13.1",
    "torch": "2.6.0",
    "tqdm": "4.67.1",
    "transformers": "4.48.2",
    "triton": "3.2.0",
    "typing-extensions": "4.12.2",
    "urllib3": "2.3.0"
  },
  "deploymentPythonPackages": {
    "certifi": "2025.1.31",
    "cffi": "1.17.1",
    "charset-normalizer": "3.4.1",
    "coloredlogs": "15.0.1",
    "cryptography": "44.0.1",
    "filelock": "3.17.0",
    "flatbuffers": "24.12.23",
    "fsspec": "2024.12.0",
    "humanfriendly": "10.0",
    "idna": "3.10",
    "jinja2": "3.1.5",
    "markupsafe": "3.0.2",
    "mpmath": "1.3.0",
    "networkx": "3.4.2",
    "numpy": "1.26.4",
    "onnx": "1.17.0",
    "onnxruntime-gpu": "1.20.0",
    "packaging": "24.2",
    "pillow": "11.1.0",
    "protobuf": "5.29.3",
    "psutil": "6.1.1",
    "pynvml": "12.0.0",
    "nvidia-cusparselt-cu12": "0.6.2",
    "nvidia-ml-py": "12.570.86",
    "nvidia-nccl-cu12": "2.21.5",
    "pycparser": "2.22",
    "pyyaml": "6.0.2",
    "regex": "2024.11.6",
    "requests": "2.32.3",
    "safetensors": "0.5.2",
    "sympy": "1.13.1",
    "tokenizers": "0.21.0",
    "tqdm": "4.67.1",
    "typing-extensions": "4.12.2",
    "urllib3": "2.3.0"
  },
  "offlineExporterPackages": {
    "torch": "2.6.0",
    "transformers": "4.48.2"
  },
  "pythonSystemProvidedPackages": {
    "nvidia-cublas-cu12": "12.4.5.8",
    "nvidia-cuda-cupti-cu12": "12.4.127",
    "nvidia-cuda-nvrtc-cu12": "12.4.127",
    "nvidia-cuda-runtime-cu12": "12.4.127",
    "nvidia-cudnn-cu12": "9.1.0.70",
    "nvidia-cufft-cu12": "11.2.1.3",
    "nvidia-curand-cu12": "10.3.5.147",
    "nvidia-cusolver-cu12": "11.6.1.9",
    "nvidia-cusparse-cu12": "12.3.1.170",
    "nvidia-nvjitlink-cu12": "12.4.127",
    "nvidia-nvtx-cu12": "12.4.127"
  },
  "sourceRelationships": {
    "NFD.websocketpp": "ac4e021333675fc80b96eb7be45d218581c897e2",
    "openabe.relic": "b984e901ba78c83ea4093ea96addd13628c8c2d0"
  },
  "pythonIndexes": {
    "default": "https://pypi.org/simple",
    "torch": "https://download.pytorch.org/whl/cu124"
  },
  "distributionPolicy": "exact-version-plus-release-sbom-and-provenance",
  "cpuFallbackAllowed": false
}
